
Microsoft Visual Studio Solution File, Format Version 12.00
# Visual Studio Version 17
VisualStudioVersion = 17.3.32901.215
MinimumVisualStudioVersion = 10.0.40219.1
Project("{9A19103F-16F7-4668-BE54-9A1E7A4F7556}") = "BookLoversWebsite", "BookLoversWebsite\BookLoversWebsite.csproj", "{03F246B7-5BE3-4D10-841C-D67195B16350}"
EndProject
Project("{FAE04EC0-301F-11D3-BF4B-00C04F79EFBC}") = "BookLoversWebsite.Infrastructure", "BookLoversWebsite.Infrastructure\BookLoversWebsite.Infrastructure.csproj", "{1939E142-D7B1-4B03-B4A5-CBB1A0BE801C}"
EndProject
Project("{FAE04EC0-301F-11D3-BF4B-00C04F79EFBC}") = "BookLoversWebsite.Core", "BookLoversWebsite.Core\BookLoversWebsite.Core.csproj", "{62EBF009-5B8F-49A4-BBAC-1EF9CDE93D07}"
EndProject
Global
	GlobalSection(SolutionConfigurationPlatforms) = preSolution
		Debug|Any CPU = Debug|Any CPU
		Release|Any CPU = Release|Any CPU
	EndGlobalSection
	GlobalSection(ProjectConfigurationPlatforms) = postSolution
		{03F246B7-5BE3-4D10-841C-D67195B16350}.Debug|Any CPU.ActiveCfg = Debug|Any CPU
		{03F246B7-5BE3-4D10-841C-D67195B16350}.Debug|Any CPU.Build.0 = Debug|Any CPU
		{03F246B7-5BE3-4D10-841C-D67195B16350}.Release|Any CPU.ActiveCfg = Release|Any CPU
		{03F246B7-5BE3-4D10-841C-D67195B16350}.Release|Any CPU.Build.0 = Release|Any CPU
		{1939E142-D7B1-4B03-B4A5-CBB1A0BE801C}.Debug|Any CPU.ActiveCfg = Debug|Any CPU
		{1939E142-D7B1-4B03-B4A5-CBB1A0BE801C}.Debug|Any CPU.Build.0 = Debug|Any CPU
		{1939E142-D7B1-4B03-B4A5-CBB1A0BE801C}.Release|Any CPU.ActiveCfg = Release|Any CPU
		{1939E142-D7B1-4B03-B4A5-CBB1A0BE801C}.Release|Any CPU.Build.0 = Release|Any CPU
		{62EBF009-5B8F-49A4-BBAC-1EF9CDE93D07}.Debug|Any CPU.ActiveCfg = Debug|Any CPU
		{62EBF009-5B8F-49A4-BBAC-1EF9CDE93D07}.Debug|Any CPU.Build.0 = Debug|Any CPU
		{62EBF009-5B8F-49A4-BBAC-1EF9CDE93D07}.Release|Any CPU.ActiveCfg = Release|Any CPU
		{62EBF009-5B8F-49A4-BBAC-1EF9CDE93D07}.Release|Any CPU.Build.0 = Release|Any CPU
	EndGlobalSection
	GlobalSection(SolutionProperties) = preSolution
		HideSolutionNode = FALSE
	EndGlobalSection
	GlobalSection(ExtensibilityGlobals) = postSolution
		SolutionGuid = {0D7A5613-508F-48CE-A89E-172E3BAA3AB9}
	EndGlobalSection
EndGlobal
